
Microsoft Visual Studio Solution File, Format Version 12.00
# Visual Studio Version 17
VisualStudioVersion = 17.5.002.0
MinimumVisualStudioVersion = 10.0.40219.1
Project("{9A19103F-16F7-4668-BE54-9A1E7A4F7556}") = "adotapetsAPI", "adotapetsAPI\adotapetsAPI.csproj", "{5E75887D-08AF-418C-8B22-A04678AF1FD1}"
EndProject
Global
	GlobalSection(SolutionConfigurationPlatforms) = preSolution
		Debug|Any CPU = Debug|Any CPU
		Release|Any CPU = Release|Any CPU
	EndGlobalSection
	GlobalSection(ProjectConfigurationPlatforms) = postSolution
		{5E75887D-08AF-418C-8B22-A04678AF1FD1}.Debug|Any CPU.ActiveCfg = Debug|Any CPU
		{5E75887D-08AF-418C-8B22-A04678AF1FD1}.Debug|Any CPU.Build.0 = Debug|Any CPU
		{5E75887D-08AF-418C-8B22-A04678AF1FD1}.Release|Any CPU.ActiveCfg = Release|Any CPU
		{5E75887D-08AF-418C-8B22-A04678AF1FD1}.Release|Any CPU.Build.0 = Release|Any CPU
	EndGlobalSection
	GlobalSection(SolutionProperties) = preSolution
		HideSolutionNode = FALSE
	EndGlobalSection
	GlobalSection(ExtensibilityGlobals) = postSolution
		SolutionGuid = {D1F50A8D-5056-4B6F-BC33-BB416D24754E}
	EndGlobalSection
EndGlobal
